{
  "originHash" : "fc96b535c7c3a04ff09655dc09f4d9517a636f0cd51c388976c722616a56762b",
  "pins" : [
    {
      "identity" : "calendarview",
      "kind" : "remoteSourceControl",
      "location" : "https://github.com/AllanJuenemann/CalendarView",
      "state" : {
        "revision" : "903e6061d2230c698373feb2816133fb33eb505f",
        "version" : "2.2.0"
      }
    },
    {
      "identity" : "sfsafesymbols",
      "kind" : "remoteSourceControl",
      "location" : "https://github.com/SFSafeSymbols/SFSafeSymbols.git",
      "state" : {
        "revision" : "e01b3d4f861412f8dcee8d93c417d2c2b0cdfd77",
        "version" : "7.0.0"
      }
    },
    {
      "identity" : "sfsymbolspicker",
      "kind" : "remoteSourceControl",
      "location" : "https://github.com/alessiorubicini/SFSymbolsPicker",
      "state" : {
        "revision" : "d3a6936db5fedbb48a037b556d52a215071af48e",
        "version" : "1.0.9"
      }
    },
    {
      "identity" : "taskgate",
      "kind" : "remoteSourceControl",
      "location" : "https://github.com/mattmassicotte/TaskGate",
      "state" : {
        "branch" : "main",
        "revision" : "de13e6234d81fe3174362cf3aabddd3ae833c52e"
      }
    }
  ],
  "version" : 3
}
